
Microsoft Visual Studio Solution File, Format Version 12.00
# Visual Studio 15
VisualStudioVersion = 15.0.26124.0
MinimumVisualStudioVersion = 15.0.26124.0
Project("{2150E333-8FDC-42A3-9474-1A3956D46DE8}") = "src", "src", "{EC8B52E3-6711-44CC-AA78-3BF292AA416C}"
EndProject
Project("{FAE04EC0-301F-11D3-BF4B-00C04F79EFBC}") = "MS.Underfloor.Api", "src\MS.Underfloor.Api\MS.Underfloor.Api.csproj", "{1279CAFF-7175-464D-85C3-6BB60A0BA826}"
EndProject
Global
	GlobalSection(SolutionConfigurationPlatforms) = preSolution
		Debug|Any CPU = Debug|Any CPU
		Debug|x64 = Debug|x64
		Debug|x86 = Debug|x86
		Release|Any CPU = Release|Any CPU
		Release|x64 = Release|x64
		Release|x86 = Release|x86
	EndGlobalSection
	GlobalSection(SolutionProperties) = preSolution
		HideSolutionNode = FALSE
	EndGlobalSection
	GlobalSection(ProjectConfigurationPlatforms) = postSolution
		{1279CAFF-7175-464D-85C3-6BB60A0BA826}.Debug|Any CPU.ActiveCfg = Debug|Any CPU
		{1279CAFF-7175-464D-85C3-6BB60A0BA826}.Debug|Any CPU.Build.0 = Debug|Any CPU
		{1279CAFF-7175-464D-85C3-6BB60A0BA826}.Debug|x64.ActiveCfg = Debug|Any CPU
		{1279CAFF-7175-464D-85C3-6BB60A0BA826}.Debug|x64.Build.0 = Debug|Any CPU
		{1279CAFF-7175-464D-85C3-6BB60A0BA826}.Debug|x86.ActiveCfg = Debug|Any CPU
		{1279CAFF-7175-464D-85C3-6BB60A0BA826}.Debug|x86.Build.0 = Debug|Any CPU
		{1279CAFF-7175-464D-85C3-6BB60A0BA826}.Release|Any CPU.ActiveCfg = Release|Any CPU
		{1279CAFF-7175-464D-85C3-6BB60A0BA826}.Release|Any CPU.Build.0 = Release|Any CPU
		{1279CAFF-7175-464D-85C3-6BB60A0BA826}.Release|x64.ActiveCfg = Release|Any CPU
		{1279CAFF-7175-464D-85C3-6BB60A0BA826}.Release|x64.Build.0 = Release|Any CPU
		{1279CAFF-7175-464D-85C3-6BB60A0BA826}.Release|x86.ActiveCfg = Release|Any CPU
		{1279CAFF-7175-464D-85C3-6BB60A0BA826}.Release|x86.Build.0 = Release|Any CPU
	EndGlobalSection
	GlobalSection(NestedProjects) = preSolution
		{1279CAFF-7175-464D-85C3-6BB60A0BA826} = {EC8B52E3-6711-44CC-AA78-3BF292AA416C}
	EndGlobalSection
EndGlobal
